
Microsoft Visual Studio Solution File, Format Version 12.00
# Visual Studio Version 17
VisualStudioVersion = 17.8.34309.116
MinimumVisualStudioVersion = 10.0.40219.1
Project("{FAE04EC0-301F-11D3-BF4B-00C04F79EFBC}") = "ASP.NET_Programing", "ASP.NET_Programing\ASP.NET_Programing.csproj", "{ACAE663B-FC4D-44AF-ABC8-427EC6E16088}"
EndProject
Global
	GlobalSection(SolutionConfigurationPlatforms) = preSolution
		Debug|Any CPU = Debug|Any CPU
		Release|Any CPU = Release|Any CPU
	EndGlobalSection
	GlobalSection(ProjectConfigurationPlatforms) = postSolution
		{ACAE663B-FC4D-44AF-ABC8-427EC6E16088}.Debug|Any CPU.ActiveCfg = Debug|Any CPU
		{ACAE663B-FC4D-44AF-ABC8-427EC6E16088}.Debug|Any CPU.Build.0 = Debug|Any CPU
		{ACAE663B-FC4D-44AF-ABC8-427EC6E16088}.Release|Any CPU.ActiveCfg = Release|Any CPU
		{ACAE663B-FC4D-44AF-ABC8-427EC6E16088}.Release|Any CPU.Build.0 = Release|Any CPU
	EndGlobalSection
	GlobalSection(SolutionProperties) = preSolution
		HideSolutionNode = FALSE
	EndGlobalSection
	GlobalSection(ExtensibilityGlobals) = postSolution
		SolutionGuid = {61826AFC-7DF8-4CD6-A91E-6D8574A3DC3E}
	EndGlobalSection
EndGlobal
